// !$*UTF8*$!
{
	archiveVersion = 1;
	classes = {
	};
	objectVersion = 56;
	objects = {

/* Begin PBXBuildFile section */
		BC592D08294031F3008F4368 /* Triangle.swift in Sources */ = {isa = PBXBuildFile; fileRef = BC592D07294031F3008F4368 /* Triangle.swift */; };
		BC9AEC8A293EE68B006F4127 /* AppDelegate.swift in Sources */ = {isa = PBXBuildFile; fileRef = BC9AEC89293EE68B006F4127 /* AppDelegate.swift */; };
		BC9AEC8C293EE68B006F4127 /* SceneDelegate.swift in Sources */ = {isa = PBXBuildFile; fileRef = BC9AEC8B293EE68B006F4127 /* SceneDelegate.swift */; };
		BC9AEC8E293EE68B006F4127 /* ViewController.swift in Sources */ = {isa = PBXBuildFile; fileRef = BC9AEC8D293EE68B006F4127 /* ViewController.swift */; };
		BC9AEC91293EE68B006F4127 /* Main.storyboard in Resources */ = {isa = PBXBuildFile; fileRef = BC9AEC8F293EE68B006F4127 /* Main.storyboard */; };
		BC9AEC93293EE68C006F4127 /* Assets.xcassets in Resources */ = {isa = PBXBuildFile; fileRef = BC9AEC92293EE68C006F4127 /* Assets.xcassets */; };
		BC9AEC96293EE68C006F4127 /* LaunchScreen.storyboard in Resources */ = {isa = PBXBuildFile; fileRef = BC9AEC94293EE68C006F4127 /* LaunchScreen.storyboard */; };
		BC9AECA4293EE6C0006F4127 /* XCTestTrainingTests.swift in Sources */ = {isa = PBXBuildFile; fileRef = BC9AECA3293EE6C0006F4127 /* XCTestTrainingTests.swift */; };
		BC9AECAB293EEDE5006F4127 /* Operation.swift in Sources */ = {isa = PBXBuildFile; fileRef = BC9AECAA293EEDE5006F4127 /* Operation.swift */; };
/* End PBXBuildFile section */

/* Begin PBXContainerItemProxy section */
		BC9AECA5293EE6C0006F4127 /* PBXContainerItemProxy */ = {
			isa = PBXContainerItemProxy;
			containerPortal = BC9AEC7E293EE68B006F4127 /* Project object */;
			proxyType = 1;
			remoteGlobalIDString = BC9AEC85293EE68B006F4127;
			remoteInfo = XCTestTraining;
		};
/* End PBXContainerItemProxy section */

/* Begin PBXFileReference section */
		BC592D07294031F3008F4368 /* Triangle.swift */ = {isa = PBXFileReference; lastKnownFileType = sourcecode.swift; path = Triangle.swift; sourceTree = "<group>"; };
		BC9AEC86293EE68B006F4127 /* XCTestTraining.app */ = {isa = PBXFileReference; explicitFileType = wrapper.application; includeInIndex = 0; path = XCTestTraining.app; sourceTree = BUILT_PRODUCTS_DIR; };
		BC9AEC89293EE68B006F4127 /* AppDelegate.swift */ = {isa = PBXFileReference; lastKnownFileType = sourcecode.swift; path = AppDelegate.swift; sourceTree = "<group>"; };
		BC9AEC8B293EE68B006F4127 /* SceneDelegate.swift */ = {isa = PBXFileReference; lastKnownFileType = sourcecode.swift; path = SceneDelegate.swift; sourceTree = "<group>"; };
		BC9AEC8D293EE68B006F4127 /* ViewController.swift */ = {isa = PBXFileReference; lastKnownFileType = sourcecode.swift; path = ViewController.swift; sourceTree = "<group>"; };
		BC9AEC90293EE68B006F4127 /* Base */ = {isa = PBXFileReference; lastKnownFileType = file.storyboard; name = Base; path = Base.lproj/Main.storyboard; sourceTree = "<group>"; };
		BC9AEC92293EE68C006F4127 /* Assets.xcassets */ = {isa = PBXFileReference; lastKnownFileType = folder.assetcatalog; path = Assets.xcassets; sourceTree = "<group>"; };
		BC9AEC95293EE68C006F4127 /* Base */ = {isa = PBXFileReference; lastKnownFileType = file.storyboard; name = Base; path = Base.lproj/LaunchScreen.storyboard; sourceTree = "<group>"; };
		BC9AEC97293EE68C006F4127 /* Info.plist */ = {isa = PBXFileReference; lastKnownFileType = text.plist.xml; path = Info.plist; sourceTree = "<group>"; };
		BC9AECA1293EE6C0006F4127 /* XCTestTrainingTests.xctest */ = {isa = PBXFileReference; explicitFileType = wrapper.cfbundle; includeInIndex = 0; path = XCTestTrainingTests.xctest; sourceTree = BUILT_PRODUCTS_DIR; };
		BC9AECA3293EE6C0006F4127 /* XCTestTrainingTests.swift */ = {isa = PBXFileReference; lastKnownFileType = sourcecode.swift; path = XCTestTrainingTests.swift; sourceTree = "<group>"; };
		BC9AECAA293EEDE5006F4127 /* Operation.swift */ = {isa = PBXFileReference; lastKnownFileType = sourcecode.swift; path = Operation.swift; sourceTree = "<group>"; };
/* End PBXFileReference section */

/* Begin PBXFrameworksBuildPhase section */
		BC9AEC83293EE68B006F4127 /* Frameworks */ = {
			isa = PBXFrameworksBuildPhase;
			buildActionMask = 2147483647;
			files = (
			);
			runOnlyForDeploymentPostprocessing = 0;
		};
		BC9AEC9E293EE6C0006F4127 /* Frameworks */ = {
			isa = PBXFrameworksBuildPhase;
			buildActionMask = 2147483647;
			files = (
			);
			runOnlyForDeploymentPostprocessing = 0;
		};
/* End PBXFrameworksBuildPhase section */

/* Begin PBXGroup section */
		BC9AEC7D293EE68B006F4127 = {
			isa = PBXGroup;
			children = (
				BC9AEC88293EE68B006F4127 /* XCTestTraining */,
				BC9AECA2293EE6C0006F4127 /* XCTestTrainingTests */,
				BC9AEC87293EE68B006F4127 /* Products */,
			);
			sourceTree = "<group>";
		};
		BC9AEC87293EE68B006F4127 /* Products */ = {
			isa = PBXGroup;
			children = (
				BC9AEC86293EE68B006F4127 /* XCTestTraining.app */,
				BC9AECA1293EE6C0006F4127 /* XCTestTrainingTests.xctest */,
			);
			name = Products;
			sourceTree = "<group>";
		};
		BC9AEC88293EE68B006F4127 /* XCTestTraining */ = {
			isa = PBXGroup;
			children = (
				BC9AEC89293EE68B006F4127 /* AppDelegate.swift */,
				BC9AEC8B293EE68B006F4127 /* SceneDelegate.swift */,
				BC9AEC8D293EE68B006F4127 /* ViewController.swift */,
				BC9AECAA293EEDE5006F4127 /* Operation.swift */,
				BC592D07294031F3008F4368 /* Triangle.swift */,
				BC9AEC8F293EE68B006F4127 /* Main.storyboard */,
				BC9AEC92293EE68C006F4127 /* Assets.xcassets */,
				BC9AEC94293EE68C006F4127 /* LaunchScreen.storyboard */,
				BC9AEC97293EE68C006F4127 /* Info.plist */,
			);
			path = XCTestTraining;
			sourceTree = "<group>";
		};
		BC9AECA2293EE6C0006F4127 /* XCTestTrainingTests */ = {
			isa = PBXGroup;
			children = (
				BC9AECA3293EE6C0006F4127 /* XCTestTrainingTests.swift */,
			);
			path = XCTestTrainingTests;
			sourceTree = "<group>";
		};
/* End PBXGroup section */

/* Begin PBXNativeTarget section */
		BC9AEC85293EE68B006F4127 /* XCTestTraining */ = {
			isa = PBXNativeTarget;
			buildConfigurationList = BC9AEC9A293EE68C006F4127 /* Build configuration list for PBXNativeTarget "XCTestTraining" */;
			buildPhases = (
				BC9AEC82293EE68B006F4127 /* Sources */,
				BC9AEC83293EE68B006F4127 /* Frameworks */,
				BC9AEC84293EE68B006F4127 /* Resources */,
			);
			buildRules = (
			);
			dependencies = (
			);
			name = XCTestTraining;
			productName = XCTestTraining;
			productReference = BC9AEC86293EE68B006F4127 /* XCTestTraining.app */;
			productType = "com.apple.product-type.application";
		};
		BC9AECA0293EE6C0006F4127 /* XCTestTrainingTests */ = {
			isa = PBXNativeTarget;
			buildConfigurationList = BC9AECA7293EE6C0006F4127 /* Build configuration list for PBXNativeTarget "XCTestTrainingTests" */;
			buildPhases = (
				BC9AEC9D293EE6C0006F4127 /* Sources */,
				BC9AEC9E293EE6C0006F4127 /* Frameworks */,
				BC9AEC9F293EE6C0006F4127 /* Resources */,
			);
			buildRules = (
			);
			dependencies = (
				BC9AECA6293EE6C0006F4127 /* PBXTargetDependency */,
			);
			name = XCTestTrainingTests;
			productName = XCTestTrainingTests;
			productReference = BC9AECA1293EE6C0006F4127 /* XCTestTrainingTests.xctest */;
			productType = "com.apple.product-type.bundle.unit-test";
		};
/* End PBXNativeTarget section */

/* Begin PBXProject section */
		BC9AEC7E293EE68B006F4127 /* Project object */ = {
			isa = PBXProject;
			attributes = {
				BuildIndependentTargetsInParallel = 1;
				LastSwiftUpdateCheck = 1410;
				LastUpgradeCheck = 1410;
				TargetAttributes = {
					BC9AEC85293EE68B006F4127 = {
						CreatedOnToolsVersion = 14.1;
					};
					BC9AECA0293EE6C0006F4127 = {
						CreatedOnToolsVersion = 14.1;
						TestTargetID = BC9AEC85293EE68B006F4127;
					};
				};
			};
			buildConfigurationList = BC9AEC81293EE68B006F4127 /* Build configuration list for PBXProject "XCTestTraining" */;
			compatibilityVersion = "Xcode 14.0";
			developmentRegion = en;
			hasScannedForEncodings = 0;
			knownRegions = (
				en,
				Base,
			);
			mainGroup = BC9AEC7D293EE68B006F4127;
			productRefGroup = BC9AEC87293EE68B006F4127 /* Products */;
			projectDirPath = "";
			projectRoot = "";
			targets = (
				BC9AEC85293EE68B006F4127 /* XCTestTraining */,
				BC9AECA0293EE6C0006F4127 /* XCTestTrainingTests */,
			);
		};
/* End PBXProject section */

/* Begin PBXResourcesBuildPhase section */
		BC9AEC84293EE68B006F4127 /* Resources */ = {
			isa = PBXResourcesBuildPhase;
			buildActionMask = 2147483647;
			files = (
				BC9AEC96293EE68C006F4127 /* LaunchScreen.storyboard in Resources */,
				BC9AEC93293EE68C006F4127 /* Assets.xcassets in Resources */,
				BC9AEC91293EE68B006F4127 /* Main.storyboard in Resources */,
			);
			runOnlyForDeploymentPostprocessing = 0;
		};
		BC9AEC9F293EE6C0006F4127 /* Resources */ = {
			isa = PBXResourcesBuildPhase;
			buildActionMask = 2147483647;
			files = (
			);
			runOnlyForDeploymentPostprocessing = 0;
		};
/* End PBXResourcesBuildPhase section */

/* Begin PBXSourcesBuildPhase section */
		BC9AEC82293EE68B006F4127 /* Sources */ = {
			isa = PBXSourcesBuildPhase;
			buildActionMask = 2147483647;
			files = (
				BC9AEC8E293EE68B006F4127 /* ViewController.swift in Sources */,
				BC9AEC8A293EE68B006F4127 /* AppDelegate.swift in Sources */,
				BC592D08294031F3008F4368 /* Triangle.swift in Sources */,
				BC9AEC8C293EE68B006F4127 /* SceneDelegate.swift in Sources */,
				BC9AECAB293EEDE5006F4127 /* Operation.swift in Sources */,
			);
			runOnlyForDeploymentPostprocessing = 0;
		};
		BC9AEC9D293EE6C0006F4127 /* Sources */ = {
			isa = PBXSourcesBuildPhase;
			buildActionMask = 2147483647;
			files = (
				BC9AECA4293EE6C0006F4127 /* XCTestTrainingTests.swift in Sources */,
			);
			runOnlyForDeploymentPostprocessing = 0;
		};
/* End PBXSourcesBuildPhase section */

/* Begin PBXTargetDependency section */
		BC9AECA6293EE6C0006F4127 /* PBXTargetDependency */ = {
			isa = PBXTargetDependency;
			target = BC9AEC85293EE68B006F4127 /* XCTestTraining */;
			targetProxy = BC9AECA5293EE6C0006F4127 /* PBXContainerItemProxy */;
		};
/* End PBXTargetDependency section */

/* Begin PBXVariantGroup section */
		BC9AEC8F293EE68B006F4127 /* Main.storyboard */ = {
			isa = PBXVariantGroup;
			children = (
				BC9AEC90293EE68B006F4127 /* Base */,
			);
			name = Main.storyboard;
			sourceTree = "<group>";
		};
		BC9AEC94293EE68C006F4127 /* LaunchScreen.storyboard */ = {
			isa = PBXVariantGroup;
			children = (
				BC9AEC95293EE68C006F4127 /* Base */,
			);
			name = LaunchScreen.storyboard;
			sourceTree = "<group>";
		};
/* End PBXVariantGroup section */

/* Begin XCBuildConfiguration section */
		BC9AEC98293EE68C006F4127 /* Debug */ = {
			isa = XCBuildConfiguration;
			buildSettings = {
				ALWAYS_SEARCH_USER_PATHS = NO;
				CLANG_ANALYZER_NONNULL = YES;
				CLANG_ANALYZER_NUMBER_OBJECT_CONVERSION = YES_AGGRESSIVE;
				CLANG_CXX_LANGUAGE_STANDARD = "gnu++20";
				CLANG_ENABLE_MODULES = YES;
				CLANG_ENABLE_OBJC_ARC = YES;
				CLANG_ENABLE_OBJC_WEAK = YES;
				CLANG_WARN_BLOCK_CAPTURE_AUTORELEASING = YES;
				CLANG_WARN_BOOL_CONVERSION = YES;
				CLANG_WARN_COMMA = YES;
				CLANG_WARN_CONSTANT_CONVERSION = YES;
				CLANG_WARN_DEPRECATED_OBJC_IMPLEMENTATIONS = YES;
				CLANG_WARN_DIRECT_OBJC_ISA_USAGE = YES_ERROR;
				CLANG_WARN_DOCUMENTATION_COMMENTS = YES;
				CLANG_WARN_EMPTY_BODY = YES;
				CLANG_WARN_ENUM_CONVERSION = YES;
				CLANG_WARN_INFINITE_RECURSION = YES;
				CLANG_WARN_INT_CONVERSION = YES;
				CLANG_WARN_NON_LITERAL_NULL_CONVERSION = YES;
				CLANG_WARN_OBJC_IMPLICIT_RETAIN_SELF = YES;
				CLANG_WARN_OBJC_LITERAL_CONVERSION = YES;
				CLANG_WARN_OBJC_ROOT_CLASS = YES_ERROR;
				CLANG_WARN_QUOTED_INCLUDE_IN_FRAMEWORK_HEADER = YES;
				CLANG_WARN_RANGE_LOOP_ANALYSIS = YES;
				CLANG_WARN_STRICT_PROTOTYPES = YES;
				CLANG_WARN_SUSPICIOUS_MOVE = YES;
				CLANG_WARN_UNGUARDED_AVAILABILITY = YES_AGGRESSIVE;
				CLANG_WARN_UNREACHABLE_CODE = YES;
				CLANG_WARN__DUPLICATE_METHOD_MATCH = YES;
				COPY_PHASE_STRIP = NO;
				DEBUG_INFORMATION_FORMAT = dwarf;
				ENABLE_STRICT_OBJC_MSGSEND = YES;
				ENABLE_TESTABILITY = YES;
				GCC_C_LANGUAGE_STANDARD = gnu11;
				GCC_DYNAMIC_NO_PIC = NO;
				GCC_NO_COMMON_BLOCKS = YES;
				GCC_OPTIMIZATION_LEVEL = 0;
				GCC_PREPROCESSOR_DEFINITIONS = (
					"DEBUG=1",
					"$(inherited)",
				);
				GCC_WARN_64_TO_32_BIT_CONVERSION = YES;
				GCC_WARN_ABOUT_RETURN_TYPE = YES_ERROR;
				GCC_WARN_UNDECLARED_SELECTOR = YES;
				GCC_WARN_UNINITIALIZED_AUTOS = YES_AGGRESSIVE;
				GCC_WARN_UNUSED_FUNCTION = YES;
				GCC_WARN_UNUSED_VARIABLE = YES;
				IPHONEOS_DEPLOYMENT_TARGET = 16.1;
				MTL_ENABLE_DEBUG_INFO = INCLUDE_SOURCE;
				MTL_FAST_MATH = YES;
				ONLY_ACTIVE_ARCH = YES;
				SDKROOT = iphoneos;
				SWIFT_ACTIVE_COMPILATION_CONDITIONS = DEBUG;
				SWIFT_OPTIMIZATION_LEVEL = "-Onone";
			};
			name = Debug;
		};
		BC9AEC99293EE68C006F4127 /* Release */ = {
			isa = XCBuildConfiguration;
			buildSettings = {
				ALWAYS_SEARCH_USER_PATHS = NO;
				CLANG_ANALYZER_NONNULL = YES;
				CLANG_ANALYZER_NUMBER_OBJECT_CONVERSION = YES_AGGRESSIVE;
				CLANG_CXX_LANGUAGE_STANDARD = "gnu++20";
				CLANG_ENABLE_MODULES = YES;
				CLANG_ENABLE_OBJC_ARC = YES;
				CLANG_ENABLE_OBJC_WEAK = YES;
				CLANG_WARN_BLOCK_CAPTURE_AUTORELEASING = YES;
				CLANG_WARN_BOOL_CONVERSION = YES;
				CLANG_WARN_COMMA = YES;
				CLANG_WARN_CONSTANT_CONVERSION = YES;
				CLANG_WARN_DEPRECATED_OBJC_IMPLEMENTATIONS = YES;
				CLANG_WARN_DIRECT_OBJC_ISA_USAGE = YES_ERROR;
				CLANG_WARN_DOCUMENTATION_COMMENTS = YES;
				CLANG_WARN_EMPTY_BODY = YES;
				CLANG_WARN_ENUM_CONVERSION = YES;
				CLANG_WARN_INFINITE_RECURSION = YES;
				CLANG_WARN_INT_CONVERSION = YES;
				CLANG_WARN_NON_LITERAL_NULL_CONVERSION = YES;
				CLANG_WARN_OBJC_IMPLICIT_RETAIN_SELF = YES;
				CLANG_WARN_OBJC_LITERAL_CONVERSION = YES;
				CLANG_WARN_OBJC_ROOT_CLASS = YES_ERROR;
				CLANG_WARN_QUOTED_INCLUDE_IN_FRAMEWORK_HEADER = YES;
				CLANG_WARN_RANGE_LOOP_ANALYSIS = YES;
				CLANG_WARN_STRICT_PROTOTYPES = YES;
				CLANG_WARN_SUSPICIOUS_MOVE = YES;
				CLANG_WARN_UNGUARDED_AVAILABILITY = YES_AGGRESSIVE;
				CLANG_WARN_UNREACHABLE_CODE = YES;
				CLANG_WARN__DUPLICATE_METHOD_MATCH = YES;
				COPY_PHASE_STRIP = NO;
				DEBUG_INFORMATION_FORMAT = "dwarf-with-dsym";
				ENABLE_NS_ASSERTIONS = NO;
				ENABLE_STRICT_OBJC_MSGSEND = YES;
				GCC_C_LANGUAGE_STANDARD = gnu11;
				GCC_NO_COMMON_BLOCKS = YES;
				GCC_WARN_64_TO_32_BIT_CONVERSION = YES;
				GCC_WARN_ABOUT_RETURN_TYPE = YES_ERROR;
				GCC_WARN_UNDECLARED_SELECTOR = YES;
				GCC_WARN_UNINITIALIZED_AUTOS = YES_AGGRESSIVE;
				GCC_WARN_UNUSED_FUNCTION = YES;
				GCC_WARN_UNUSED_VARIABLE = YES;
				IPHONEOS_DEPLOYMENT_TARGET = 16.1;
				MTL_ENABLE_DEBUG_INFO = NO;
				MTL_FAST_MATH = YES;
				SDKROOT = iphoneos;
				SWIFT_COMPILATION_MODE = wholemodule;
				SWIFT_OPTIMIZATION_LEVEL = "-O";
				VALIDATE_PRODUCT = YES;
			};
			name = Release;
		};
		BC9AEC9B293EE68C006F4127 /* Debug */ = {
			isa = XCBuildConfiguration;
			buildSettings = {
				ASSETCATALOG_COMPILER_APPICON_NAME = AppIcon;
				ASSETCATALOG_COMPILER_GLOBAL_ACCENT_COLOR_NAME = AccentColor;
				CODE_SIGN_STYLE = Automatic;
				CURRENT_PROJECT_VERSION = 1;
				DEVELOPMENT_TEAM = W2MJCR4Q7K;
				GENERATE_INFOPLIST_FILE = YES;
				INFOPLIST_FILE = XCTestTraining/Info.plist;
				INFOPLIST_KEY_UIApplicationSupportsIndirectInputEvents = YES;
				INFOPLIST_KEY_UILaunchStoryboardName = LaunchScreen;
				INFOPLIST_KEY_UIMainStoryboardFile = Main;
				INFOPLIST_KEY_UISupportedInterfaceOrientations_iPad = "UIInterfaceOrientationPortrait UIInterfaceOrientationPortraitUpsideDown UIInterfaceOrientationLandscapeLeft UIInterfaceOrientationLandscapeRight";
				INFOPLIST_KEY_UISupportedInterfaceOrientations_iPhone = "UIInterfaceOrientationPortrait UIInterfaceOrientationLandscapeLeft UIInterfaceOrientationLandscapeRight";
				LD_RUNPATH_SEARCH_PATHS = (
					"$(inherited)",
					"@executable_path/Frameworks",
				);
				MARKETING_VERSION = 1.0;
				PRODUCT_BUNDLE_IDENTIFIER = com.ikhsannotes.XCTestTraining;
				PRODUCT_NAME = "$(TARGET_NAME)";
				SWIFT_EMIT_LOC_STRINGS = YES;
				SWIFT_VERSION = 5.0;
				TARGETED_DEVICE_FAMILY = "1,2";
			};
			name = Debug;
		};
		BC9AEC9C293EE68C006F4127 /* Release */ = {
			isa = XCBuildConfiguration;
			buildSettings = {
				ASSETCATALOG_COMPILER_APPICON_NAME = AppIcon;
				ASSETCATALOG_COMPILER_GLOBAL_ACCENT_COLOR_NAME = AccentColor;
				CODE_SIGN_STYLE = Automatic;
				CURRENT_PROJECT_VERSION = 1;
				DEVELOPMENT_TEAM = W2MJCR4Q7K;
				GENERATE_INFOPLIST_FILE = YES;
				INFOPLIST_FILE = XCTestTraining/Info.plist;
				INFOPLIST_KEY_UIApplicationSupportsIndirectInputEvents = YES;
				INFOPLIST_KEY_UILaunchStoryboardName = LaunchScreen;
				INFOPLIST_KEY_UIMainStoryboardFile = Main;
				INFOPLIST_KEY_UISupportedInterfaceOrientations_iPad = "UIInterfaceOrientationPortrait UIInterfaceOrientationPortraitUpsideDown UIInterfaceOrientationLandscapeLeft UIInterfaceOrientationLandscapeRight";
				INFOPLIST_KEY_UISupportedInterfaceOrientations_iPhone = "UIInterfaceOrientationPortrait UIInterfaceOrientationLandscapeLeft UIInterfaceOrientationLandscapeRight";
				LD_RUNPATH_SEARCH_PATHS = (
					"$(inherited)",
					"@executable_path/Frameworks",
				);
				MARKETING_VERSION = 1.0;
				PRODUCT_BUNDLE_IDENTIFIER = com.ikhsannotes.XCTestTraining;
				PRODUCT_NAME = "$(TARGET_NAME)";
				SWIFT_EMIT_LOC_STRINGS = YES;
				SWIFT_VERSION = 5.0;
				TARGETED_DEVICE_FAMILY = "1,2";
			};
			name = Release;
		};
		BC9AECA8293EE6C0006F4127 /* Debug */ = {
			isa = XCBuildConfiguration;
			buildSettings = {
				BUNDLE_LOADER = "$(TEST_HOST)";
				CODE_SIGN_STYLE = Automatic;
				CURRENT_PROJECT_VERSION = 1;
				DEVELOPMENT_TEAM = W2MJCR4Q7K;
				GENERATE_INFOPLIST_FILE = YES;
				MARKETING_VERSION = 1.0;
				PRODUCT_BUNDLE_IDENTIFIER = com.ikhsannotes.XCTestTrainingTests;
				PRODUCT_NAME = "$(TARGET_NAME)";
				SWIFT_EMIT_LOC_STRINGS = NO;
				SWIFT_VERSION = 5.0;
				TARGETED_DEVICE_FAMILY = "1,2";
				TEST_HOST = "$(BUILT_PRODUCTS_DIR)/XCTestTraining.app/$(BUNDLE_EXECUTABLE_FOLDER_PATH)/XCTestTraining";
			};
			name = Debug;
		};
		BC9AECA9293EE6C0006F4127 /* Release */ = {
			isa = XCBuildConfiguration;
			buildSettings = {
				BUNDLE_LOADER = "$(TEST_HOST)";
				CODE_SIGN_STYLE = Automatic;
				CURRENT_PROJECT_VERSION = 1;
				DEVELOPMENT_TEAM = W2MJCR4Q7K;
				GENERATE_INFOPLIST_FILE = YES;
				MARKETING_VERSION = 1.0;
				PRODUCT_BUNDLE_IDENTIFIER = com.ikhsannotes.XCTestTrainingTests;
				PRODUCT_NAME = "$(TARGET_NAME)";
				SWIFT_EMIT_LOC_STRINGS = NO;
				SWIFT_VERSION = 5.0;
				TARGETED_DEVICE_FAMILY = "1,2";
				TEST_HOST = "$(BUILT_PRODUCTS_DIR)/XCTestTraining.app/$(BUNDLE_EXECUTABLE_FOLDER_PATH)/XCTestTraining";
			};
			name = Release;
		};
/* End XCBuildConfiguration section */

/* Begin XCConfigurationList section */
		BC9AEC81293EE68B006F4127 /* Build configuration list for PBXProject "XCTestTraining" */ = {
			isa = XCConfigurationList;
			buildConfigurations = (
				BC9AEC98293EE68C006F4127 /* Debug */,
				BC9AEC99293EE68C006F4127 /* Release */,
			);
			defaultConfigurationIsVisible = 0;
			defaultConfigurationName = Release;
		};
		BC9AEC9A293EE68C006F4127 /* Build configuration list for PBXNativeTarget "XCTestTraining" */ = {
			isa = XCConfigurationList;
			buildConfigurations = (
				BC9AEC9B293EE68C006F4127 /* Debug */,
				BC9AEC9C293EE68C006F4127 /* Release */,
			);
			defaultConfigurationIsVisible = 0;
			defaultConfigurationName = Release;
		};
		BC9AECA7293EE6C0006F4127 /* Build configuration list for PBXNativeTarget "XCTestTrainingTests" */ = {
			isa = XCConfigurationList;
			buildConfigurations = (
				BC9AECA8293EE6C0006F4127 /* Debug */,
				BC9AECA9293EE6C0006F4127 /* Release */,
			);
			defaultConfigurationIsVisible = 0;
			defaultConfigurationName = Release;
		};
/* End XCConfigurationList section */
	};
	rootObject = BC9AEC7E293EE68B006F4127 /* Project object */;
}
